{
  "version": 4,
  "terraform_version": "1.10.5",
  "serial": 41,
  "lineage": "a5914b12-5814-9a26-cfd5-cc1063a63df1",
  "outputs": {},
  "resources": [
    {
      "mode": "data",
      "type": "aws_instance",
      "name": "app_server",
      "provider": "provider[\"registry.terraform.io/hashicorp/aws\"]",
      "instances": [
        {
          "schema_version": 0,
          "attributes": {
            "ami": "ami-011e48799a29115e9",
            "arn": "arn:aws:ec2:us-east-1:908027403552:instance/i-0bb54181aed6221ec",
            "associate_public_ip_address": true,
            "availability_zone": "us-east-1b",
            "credit_specification": [
              {
                "cpu_credits": "standard"
              }
            ],
            "disable_api_stop": false,
            "disable_api_termination": false,
            "ebs_block_device": [],
            "ebs_optimized": false,
            "enclave_options": [
              {
                "enabled": false
              }
            ],
            "ephemeral_block_device": [],
            "filter": [
              {
                "name": "tag:Name",
                "values": [
                  "DesafioTerraform-EC2"
                ]
              }
            ],
            "get_password_data": false,
            "get_user_data": false,
            "host_id": "",
            "host_resource_group_arn": "",
            "iam_instance_profile": "",
            "id": "i-0bb54181aed6221ec",
            "instance_id": null,
            "instance_state": "running",
            "instance_tags": null,
            "instance_type": "t2.micro",
            "ipv6_addresses": [],
            "key_name": "terraform-key",
            "launch_time": "2025-03-06T03:16:34Z",
            "maintenance_options": [
              {
                "auto_recovery": "default"
              }
            ],
            "metadata_options": [
              {
                "http_endpoint": "enabled",
                "http_protocol_ipv6": "disabled",
                "http_put_response_hop_limit": 1,
                "http_tokens": "optional",
                "instance_metadata_tags": "disabled"
              }
            ],
            "monitoring": false,
            "network_interface_id": "eni-0ec195e19a6f0f785",
            "outpost_arn": "",
            "password_data": null,
            "placement_group": "",
            "placement_partition_number": 0,
            "private_dns": "ip-172-31-80-253.ec2.internal",
            "private_dns_name_options": [
              {
                "enable_resource_name_dns_a_record": false,
                "enable_resource_name_dns_aaaa_record": false,
                "hostname_type": "ip-name"
              }
            ],
            "private_ip": "172.31.80.253",
            "public_dns": "ec2-54-175-245-152.compute-1.amazonaws.com",
            "public_ip": "54.175.245.152",
            "root_block_device": [
              {
                "delete_on_termination": true,
                "device_name": "/dev/sda1",
                "encrypted": false,
                "iops": 100,
                "kms_key_id": "",
                "tags": {},
                "throughput": 0,
                "volume_id": "vol-061174915a42730b2",
                "volume_size": 8,
                "volume_type": "gp2"
              }
            ],
            "secondary_private_ips": [],
            "security_groups": [
              "desafio-security-group"
            ],
            "source_dest_check": true,
            "subnet_id": "subnet-045676d0f71462abd",
            "tags": {
              "Name": "DesafioTerraform-EC2"
            },
            "tenancy": "default",
            "timeouts": null,
            "user_data": null,
            "user_data_base64": null,
            "vpc_security_group_ids": [
              "sg-0c98dd5ff33ab0e6e"
            ]
          },
          "sensitive_attributes": []
        }
      ]
    },
    {
      "mode": "managed",
      "type": "aws_key_pair",
      "name": "ssh_key",
      "provider": "provider[\"registry.terraform.io/hashicorp/aws\"]",
      "instances": [
        {
          "schema_version": 1,
          "attributes": {
            "arn": "arn:aws:ec2:us-east-1:908027403552:key-pair/terraform-key",
            "fingerprint": "fd:ce:7e:c3:e6:a9:e0:79:43:65:45:3a:e7:64:63:c2",
            "id": "terraform-key",
            "key_name": "terraform-key",
            "key_name_prefix": "",
            "key_pair_id": "key-0c5eebdb74fee2a6b",
            "key_type": "rsa",
            "public_key": "ssh-rsa AAAAB3NzaC1yc2EAAAADAQABAAACAQDciLN/eYv3wqrQis/E+IE4nGrh4EJOLcg2JeuImR6lK0RCBy6GkJl7hfcprUTE6PoMpW+2/MYb1CmYilKHJneXuSP/UCM1YaiSvZ8S506FEosOCBtTOImgFZoljEXcaBPM6QQG7HELB0q055uHN8GEbq1NbecTEBL7Te3M56Qt/dfk/9UUNJt3RNsUqaZsR4goYFF9xtyU0Cge8kgqGruCNVjPk1hgQ23bRKAuz+Ji+FuF/jtObv47yaMtKDcwib5g8oiGL2GI9gF57JSpGaakI6lPX/ol5BDLNtjegbIuppOkZKrNdpPeqXfP8ze9Oip0L6Me03wLoovnrlnnA4Y2nR3/2Ywcy/1qkXpGpYmJVtV98NU52AZti7QWJtwBzi5ZczIH8gP0EGnwVr9arsDgD/K66GWwxkQAl20MXvLpa6kqbQfKDXh+FUtE192JduPdRhzd5svIcN6KQLZe75R7x18Q5eroeM46OLbGqJj/wIk1KVQVl6lpaKb1iYcoWBPkBHDFdGP02EzM0SH/NTo6R11y9oIeUPrJgWzwVWF8xOxe+6AdBRMhidmSQCJCw0bCKdBfVNDIsePDV+yRriqh7J3TisdIjVq1dzLzVNo0FI3N4kAmY9A+MGJ6y133zt5uG9anDfMk7vuCKnw+ZbGRRUJ28p744qym9LOSC3316Q== Mike@FX8100Win10",
            "tags": {},
            "tags_all": {}
          },
          "sensitive_attributes": [],
          "private": "eyJzY2hlbWFfdmVyc2lvbiI6IjEifQ=="
        }
      ]
    },
    {
      "mode": "managed",
      "type": "aws_security_group",
      "name": "instance_sg",
      "provider": "provider[\"registry.terraform.io/hashicorp/aws\"]",
      "instances": [
        {
          "schema_version": 1,
          "attributes": {
            "arn": "arn:aws:ec2:us-east-1:908027403552:security-group/sg-0c98dd5ff33ab0e6e",
            "description": "Regras de acesso para a instancia",
            "egress": [
              {
                "cidr_blocks": [
                  "0.0.0.0/0"
                ],
                "description": "",
                "from_port": 0,
                "ipv6_cidr_blocks": [],
                "prefix_list_ids": [],
                "protocol": "-1",
                "security_groups": [],
                "self": false,
                "to_port": 0
              }
            ],
            "id": "sg-0c98dd5ff33ab0e6e",
            "ingress": [
              {
                "cidr_blocks": [
                  "0.0.0.0/0"
                ],
                "description": "",
                "from_port": 22,
                "ipv6_cidr_blocks": [],
                "prefix_list_ids": [],
                "protocol": "tcp",
                "security_groups": [],
                "self": false,
                "to_port": 22
              },
              {
                "cidr_blocks": [
                  "0.0.0.0/0"
                ],
                "description": "",
                "from_port": 80,
                "ipv6_cidr_blocks": [],
                "prefix_list_ids": [],
                "protocol": "tcp",
                "security_groups": [],
                "self": false,
                "to_port": 80
              }
            ],
            "name": "desafio-security-group",
            "name_prefix": "",
            "owner_id": "908027403552",
            "revoke_rules_on_delete": false,
            "tags": {},
            "tags_all": {},
            "timeouts": null,
            "vpc_id": "vpc-03264446b721cc5f1"
          },
          "sensitive_attributes": [],
          "private": "eyJlMmJmYjczMC1lY2FhLTExZTYtOGY4OC0zNDM2M2JjN2M0YzAiOnsiY3JlYXRlIjo2MDAwMDAwMDAwMDAsImRlbGV0ZSI6OTAwMDAwMDAwMDAwfSwic2NoZW1hX3ZlcnNpb24iOiIxIn0="
        }
      ]
    },
    {
      "mode": "managed",
      "type": "null_resource",
      "name": "deploy_containers",
      "provider": "provider[\"registry.terraform.io/hashicorp/null\"]",
      "instances": [
        {
          "schema_version": 0,
          "attributes": {
            "id": "1573174304318784348",
            "triggers": null
          },
          "sensitive_attributes": [],
          "dependencies": [
            "data.aws_instance.app_server"
          ]
        }
      ]
    }
  ],
  "check_results": null
}
