{
  "version": 4,
  "terraform_version": "1.10.5",
  "serial": 15,
  "lineage": "a5914b12-5814-9a26-cfd5-cc1063a63df1",
  "outputs": {},
  "resources": [
    {
      "mode": "managed",
      "type": "aws_key_pair",
      "name": "ssh_key",
      "provider": "provider[\"registry.terraform.io/hashicorp/aws\"]",
      "instances": [
        {
          "schema_version": 1,
          "attributes": {
            "arn": "arn:aws:ec2:us-east-1:908027403552:key-pair/terraform-key",
            "fingerprint": "fd:ce:7e:c3:e6:a9:e0:79:43:65:45:3a:e7:64:63:c2",
            "id": "terraform-key",
            "key_name": "terraform-key",
            "key_name_prefix": "",
            "key_pair_id": "key-0c5eebdb74fee2a6b",
            "key_type": "rsa",
            "public_key": "ssh-rsa AAAAB3NzaC1yc2EAAAADAQABAAACAQDciLN/eYv3wqrQis/E+IE4nGrh4EJOLcg2JeuImR6lK0RCBy6GkJl7hfcprUTE6PoMpW+2/MYb1CmYilKHJneXuSP/UCM1YaiSvZ8S506FEosOCBtTOImgFZoljEXcaBPM6QQG7HELB0q055uHN8GEbq1NbecTEBL7Te3M56Qt/dfk/9UUNJt3RNsUqaZsR4goYFF9xtyU0Cge8kgqGruCNVjPk1hgQ23bRKAuz+Ji+FuF/jtObv47yaMtKDcwib5g8oiGL2GI9gF57JSpGaakI6lPX/ol5BDLNtjegbIuppOkZKrNdpPeqXfP8ze9Oip0L6Me03wLoovnrlnnA4Y2nR3/2Ywcy/1qkXpGpYmJVtV98NU52AZti7QWJtwBzi5ZczIH8gP0EGnwVr9arsDgD/K66GWwxkQAl20MXvLpa6kqbQfKDXh+FUtE192JduPdRhzd5svIcN6KQLZe75R7x18Q5eroeM46OLbGqJj/wIk1KVQVl6lpaKb1iYcoWBPkBHDFdGP02EzM0SH/NTo6R11y9oIeUPrJgWzwVWF8xOxe+6AdBRMhidmSQCJCw0bCKdBfVNDIsePDV+yRriqh7J3TisdIjVq1dzLzVNo0FI3N4kAmY9A+MGJ6y133zt5uG9anDfMk7vuCKnw+ZbGRRUJ28p744qym9LOSC3316Q== Mike@FX8100Win10",
            "tags": null,
            "tags_all": {}
          },
          "sensitive_attributes": [],
          "private": "eyJzY2hlbWFfdmVyc2lvbiI6IjEifQ=="
        }
      ]
    },
    {
      "mode": "managed",
      "type": "aws_security_group",
      "name": "instance_sg",
      "provider": "provider[\"registry.terraform.io/hashicorp/aws\"]",
      "instances": [
        {
          "schema_version": 1,
          "attributes": {
            "arn": "arn:aws:ec2:us-east-1:908027403552:security-group/sg-0c98dd5ff33ab0e6e",
            "description": "Regras de acesso para a instancia",
            "egress": [
              {
                "cidr_blocks": [
                  "0.0.0.0/0"
                ],
                "description": "",
                "from_port": 0,
                "ipv6_cidr_blocks": [],
                "prefix_list_ids": [],
                "protocol": "-1",
                "security_groups": [],
                "self": false,
                "to_port": 0
              }
            ],
            "id": "sg-0c98dd5ff33ab0e6e",
            "ingress": [
              {
                "cidr_blocks": [
                  "0.0.0.0/0"
                ],
                "description": "",
                "from_port": 22,
                "ipv6_cidr_blocks": [],
                "prefix_list_ids": [],
                "protocol": "tcp",
                "security_groups": [],
                "self": false,
                "to_port": 22
              },
              {
                "cidr_blocks": [
                  "0.0.0.0/0"
                ],
                "description": "",
                "from_port": 80,
                "ipv6_cidr_blocks": [],
                "prefix_list_ids": [],
                "protocol": "tcp",
                "security_groups": [],
                "self": false,
                "to_port": 80
              }
            ],
            "name": "desafio-security-group",
            "name_prefix": "",
            "owner_id": "908027403552",
            "revoke_rules_on_delete": false,
            "tags": {},
            "tags_all": {},
            "timeouts": null,
            "vpc_id": "vpc-03264446b721cc5f1"
          },
          "sensitive_attributes": [],
          "private": "eyJlMmJmYjczMC1lY2FhLTExZTYtOGY4OC0zNDM2M2JjN2M0YzAiOnsiY3JlYXRlIjo2MDAwMDAwMDAwMDAsImRlbGV0ZSI6OTAwMDAwMDAwMDAwfSwic2NoZW1hX3ZlcnNpb24iOiIxIn0="
        }
      ]
    }
  ],
  "check_results": null
}
